
Microsoft Visual Studio Solution File, Format Version 12.00
# Visual Studio Version 17
VisualStudioVersion = 17.0.31903.59
MinimumVisualStudioVersion = 10.0.40219.1
Project("{FAE04EC0-301F-11D3-BF4B-00C04F79EFBC}") = "KebabFury.Innopolice.WebApi", "KebabFury.Innopolice.WebApi\KebabFury.Innopolice.WebApi.csproj", "{AABED53D-FD14-45A1-BBF4-B4F3D23EC383}"
EndProject
Project("{FAE04EC0-301F-11D3-BF4B-00C04F79EFBC}") = "KebabFury.Innopolice.TodoIst", "KebabFury.Innopolice.TodoIst\KebabFury.Innopolice.TodoIst.csproj", "{7FC72ABF-7F16-4E73-AA49-7CC181340555}"
EndProject
Project("{FAE04EC0-301F-11D3-BF4B-00C04F79EFBC}") = "KebabFury.Innopolice.Docs", "KebabFury.Innopolice.Docs\KebabFury.Innopolice.Docs.csproj", "{A64DD34A-76C1-4B12-86DC-CA6C28C2E181}"
EndProject
Global
	GlobalSection(SolutionConfigurationPlatforms) = preSolution
		Debug|Any CPU = Debug|Any CPU
		Release|Any CPU = Release|Any CPU
	EndGlobalSection
	GlobalSection(SolutionProperties) = preSolution
		HideSolutionNode = FALSE
	EndGlobalSection
	GlobalSection(ProjectConfigurationPlatforms) = postSolution
		{AABED53D-FD14-45A1-BBF4-B4F3D23EC383}.Debug|Any CPU.ActiveCfg = Debug|Any CPU
		{AABED53D-FD14-45A1-BBF4-B4F3D23EC383}.Debug|Any CPU.Build.0 = Debug|Any CPU
		{AABED53D-FD14-45A1-BBF4-B4F3D23EC383}.Release|Any CPU.ActiveCfg = Release|Any CPU
		{AABED53D-FD14-45A1-BBF4-B4F3D23EC383}.Release|Any CPU.Build.0 = Release|Any CPU
		{7FC72ABF-7F16-4E73-AA49-7CC181340555}.Debug|Any CPU.ActiveCfg = Debug|Any CPU
		{7FC72ABF-7F16-4E73-AA49-7CC181340555}.Debug|Any CPU.Build.0 = Debug|Any CPU
		{7FC72ABF-7F16-4E73-AA49-7CC181340555}.Release|Any CPU.ActiveCfg = Release|Any CPU
		{7FC72ABF-7F16-4E73-AA49-7CC181340555}.Release|Any CPU.Build.0 = Release|Any CPU
		{A64DD34A-76C1-4B12-86DC-CA6C28C2E181}.Debug|Any CPU.ActiveCfg = Debug|Any CPU
		{A64DD34A-76C1-4B12-86DC-CA6C28C2E181}.Debug|Any CPU.Build.0 = Debug|Any CPU
		{A64DD34A-76C1-4B12-86DC-CA6C28C2E181}.Release|Any CPU.ActiveCfg = Release|Any CPU
		{A64DD34A-76C1-4B12-86DC-CA6C28C2E181}.Release|Any CPU.Build.0 = Release|Any CPU
	EndGlobalSection
EndGlobal
